
Microsoft Visual Studio Solution File, Format Version 12.00
# Visual Studio Version 17
VisualStudioVersion = 17.14.36616.10 d17.14
MinimumVisualStudioVersion = 10.0.40219.1
Project("{FAE04EC0-301F-11D3-BF4B-00C04F79EFBC}") = "TalentMatch.BlazorApp", "TalentMatch.BlazorApp.csproj", "{A98602D3-11F2-478F-F33B-5ACBD1E34323}"
EndProject
Global
	GlobalSection(SolutionConfigurationPlatforms) = preSolution
		Debug|Any CPU = Debug|Any CPU
		Release|Any CPU = Release|Any CPU
	EndGlobalSection
	GlobalSection(ProjectConfigurationPlatforms) = postSolution
		{A98602D3-11F2-478F-F33B-5ACBD1E34323}.Debug|Any CPU.ActiveCfg = Debug|Any CPU
		{A98602D3-11F2-478F-F33B-5ACBD1E34323}.Debug|Any CPU.Build.0 = Debug|Any CPU
		{A98602D3-11F2-478F-F33B-5ACBD1E34323}.Release|Any CPU.ActiveCfg = Release|Any CPU
		{A98602D3-11F2-478F-F33B-5ACBD1E34323}.Release|Any CPU.Build.0 = Release|Any CPU
	EndGlobalSection
	GlobalSection(SolutionProperties) = preSolution
		HideSolutionNode = FALSE
	EndGlobalSection
	GlobalSection(ExtensibilityGlobals) = postSolution
		SolutionGuid = {C90FCB36-92E4-4D8E-8D4F-4AA3196F77B0}
	EndGlobalSection
EndGlobal
